
Microsoft Visual Studio Solution File, Format Version 12.00
# Visual Studio Version 17
VisualStudioVersion = 17.0.31903.59
MinimumVisualStudioVersion = 10.0.40219.1
Project("{9A19103F-16F7-4668-BE54-9A1E7A4F7556}") = "TeamsMonitor", "src\TeamsMonitor.Tool\TeamsMonitor.csproj", "{0E5C6794-6A4C-4A6C-87D3-6913525DA93C}"
EndProject
Project("{9A19103F-16F7-4668-BE54-9A1E7A4F7556}") = "TeamsMonitor.Core", "src\TeamsMonitor.Core\TeamsMonitor.Core.csproj", "{805BAF38-4645-43B4-86A6-79E7A9BE3BC9}"
EndProject
Project("{9A19103F-16F7-4668-BE54-9A1E7A4F7556}") = "TeamsMonitor.Tray", "src\TeamsMonitor.Tray\TeamsMonitor.Tray.csproj", "{1A9B9F72-ABD3-40B3-8567-D7607DBAE96A}"
EndProject
Project("{C7167F0D-BC9F-4E6E-AFE1-012C56B48DB5}") = "TeamsMonitor.Tray.Installer", "src\TeamsMonitor.Tray.Installer\TeamsMonitor.Tray.Installer.wapproj", "{A06E974B-0388-487E-AB41-B6A91F7B08DF}"
EndProject
Project("{2150E333-8FDC-42A3-9474-1A3956D46DE8}") = "Build", "Build", "{C1497803-CBBD-4959-A8BC-6D39D417CD45}"
	ProjectSection(SolutionItems) = preProject
		.github\workflows\build.yml = .github\workflows\build.yml
		.github\workflows\release-library.yml = .github\workflows\release-library.yml
		.github\workflows\release-tool.yml = .github\workflows\release-tool.yml
	EndProjectSection
EndProject
Global
	GlobalSection(SolutionConfigurationPlatforms) = preSolution
		Debug|Any CPU = Debug|Any CPU
		Debug|ARM = Debug|ARM
		Debug|ARM64 = Debug|ARM64
		Debug|x64 = Debug|x64
		Debug|x86 = Debug|x86
		Release|Any CPU = Release|Any CPU
		Release|ARM = Release|ARM
		Release|ARM64 = Release|ARM64
		Release|x64 = Release|x64
		Release|x86 = Release|x86
	EndGlobalSection
	GlobalSection(ProjectConfigurationPlatforms) = postSolution
		{0E5C6794-6A4C-4A6C-87D3-6913525DA93C}.Debug|Any CPU.ActiveCfg = Debug|Any CPU
		{0E5C6794-6A4C-4A6C-87D3-6913525DA93C}.Debug|Any CPU.Build.0 = Debug|Any CPU
		{0E5C6794-6A4C-4A6C-87D3-6913525DA93C}.Debug|ARM.ActiveCfg = Debug|Any CPU
		{0E5C6794-6A4C-4A6C-87D3-6913525DA93C}.Debug|ARM.Build.0 = Debug|Any CPU
		{0E5C6794-6A4C-4A6C-87D3-6913525DA93C}.Debug|ARM64.ActiveCfg = Debug|Any CPU
		{0E5C6794-6A4C-4A6C-87D3-6913525DA93C}.Debug|ARM64.Build.0 = Debug|Any CPU
		{0E5C6794-6A4C-4A6C-87D3-6913525DA93C}.Debug|x64.ActiveCfg = Debug|Any CPU
		{0E5C6794-6A4C-4A6C-87D3-6913525DA93C}.Debug|x64.Build.0 = Debug|Any CPU
		{0E5C6794-6A4C-4A6C-87D3-6913525DA93C}.Debug|x86.ActiveCfg = Debug|Any CPU
		{0E5C6794-6A4C-4A6C-87D3-6913525DA93C}.Debug|x86.Build.0 = Debug|Any CPU
		{0E5C6794-6A4C-4A6C-87D3-6913525DA93C}.Release|Any CPU.ActiveCfg = Release|Any CPU
		{0E5C6794-6A4C-4A6C-87D3-6913525DA93C}.Release|Any CPU.Build.0 = Release|Any CPU
		{0E5C6794-6A4C-4A6C-87D3-6913525DA93C}.Release|ARM.ActiveCfg = Release|Any CPU
		{0E5C6794-6A4C-4A6C-87D3-6913525DA93C}.Release|ARM.Build.0 = Release|Any CPU
		{0E5C6794-6A4C-4A6C-87D3-6913525DA93C}.Release|ARM64.ActiveCfg = Release|Any CPU
		{0E5C6794-6A4C-4A6C-87D3-6913525DA93C}.Release|ARM64.Build.0 = Release|Any CPU
		{0E5C6794-6A4C-4A6C-87D3-6913525DA93C}.Release|x64.ActiveCfg = Release|Any CPU
		{0E5C6794-6A4C-4A6C-87D3-6913525DA93C}.Release|x64.Build.0 = Release|Any CPU
		{0E5C6794-6A4C-4A6C-87D3-6913525DA93C}.Release|x86.ActiveCfg = Release|Any CPU
		{0E5C6794-6A4C-4A6C-87D3-6913525DA93C}.Release|x86.Build.0 = Release|Any CPU
		{805BAF38-4645-43B4-86A6-79E7A9BE3BC9}.Debug|Any CPU.ActiveCfg = Debug|Any CPU
		{805BAF38-4645-43B4-86A6-79E7A9BE3BC9}.Debug|Any CPU.Build.0 = Debug|Any CPU
		{805BAF38-4645-43B4-86A6-79E7A9BE3BC9}.Debug|ARM.ActiveCfg = Debug|Any CPU
		{805BAF38-4645-43B4-86A6-79E7A9BE3BC9}.Debug|ARM.Build.0 = Debug|Any CPU
		{805BAF38-4645-43B4-86A6-79E7A9BE3BC9}.Debug|ARM64.ActiveCfg = Debug|Any CPU
		{805BAF38-4645-43B4-86A6-79E7A9BE3BC9}.Debug|ARM64.Build.0 = Debug|Any CPU
		{805BAF38-4645-43B4-86A6-79E7A9BE3BC9}.Debug|x64.ActiveCfg = Debug|Any CPU
		{805BAF38-4645-43B4-86A6-79E7A9BE3BC9}.Debug|x64.Build.0 = Debug|Any CPU
		{805BAF38-4645-43B4-86A6-79E7A9BE3BC9}.Debug|x86.ActiveCfg = Debug|Any CPU
		{805BAF38-4645-43B4-86A6-79E7A9BE3BC9}.Debug|x86.Build.0 = Debug|Any CPU
		{805BAF38-4645-43B4-86A6-79E7A9BE3BC9}.Release|Any CPU.ActiveCfg = Release|Any CPU
		{805BAF38-4645-43B4-86A6-79E7A9BE3BC9}.Release|Any CPU.Build.0 = Release|Any CPU
		{805BAF38-4645-43B4-86A6-79E7A9BE3BC9}.Release|ARM.ActiveCfg = Release|Any CPU
		{805BAF38-4645-43B4-86A6-79E7A9BE3BC9}.Release|ARM.Build.0 = Release|Any CPU
		{805BAF38-4645-43B4-86A6-79E7A9BE3BC9}.Release|ARM64.ActiveCfg = Release|Any CPU
		{805BAF38-4645-43B4-86A6-79E7A9BE3BC9}.Release|ARM64.Build.0 = Release|Any CPU
		{805BAF38-4645-43B4-86A6-79E7A9BE3BC9}.Release|x64.ActiveCfg = Release|Any CPU
		{805BAF38-4645-43B4-86A6-79E7A9BE3BC9}.Release|x64.Build.0 = Release|Any CPU
		{805BAF38-4645-43B4-86A6-79E7A9BE3BC9}.Release|x86.ActiveCfg = Release|Any CPU
		{805BAF38-4645-43B4-86A6-79E7A9BE3BC9}.Release|x86.Build.0 = Release|Any CPU
		{1A9B9F72-ABD3-40B3-8567-D7607DBAE96A}.Debug|Any CPU.ActiveCfg = Debug|Any CPU
		{1A9B9F72-ABD3-40B3-8567-D7607DBAE96A}.Debug|Any CPU.Build.0 = Debug|Any CPU
		{1A9B9F72-ABD3-40B3-8567-D7607DBAE96A}.Debug|ARM.ActiveCfg = Debug|Any CPU
		{1A9B9F72-ABD3-40B3-8567-D7607DBAE96A}.Debug|ARM.Build.0 = Debug|Any CPU
		{1A9B9F72-ABD3-40B3-8567-D7607DBAE96A}.Debug|ARM64.ActiveCfg = Debug|Any CPU
		{1A9B9F72-ABD3-40B3-8567-D7607DBAE96A}.Debug|ARM64.Build.0 = Debug|Any CPU
		{1A9B9F72-ABD3-40B3-8567-D7607DBAE96A}.Debug|x64.ActiveCfg = Debug|Any CPU
		{1A9B9F72-ABD3-40B3-8567-D7607DBAE96A}.Debug|x64.Build.0 = Debug|Any CPU
		{1A9B9F72-ABD3-40B3-8567-D7607DBAE96A}.Debug|x86.ActiveCfg = Debug|Any CPU
		{1A9B9F72-ABD3-40B3-8567-D7607DBAE96A}.Debug|x86.Build.0 = Debug|Any CPU
		{1A9B9F72-ABD3-40B3-8567-D7607DBAE96A}.Release|Any CPU.ActiveCfg = Release|Any CPU
		{1A9B9F72-ABD3-40B3-8567-D7607DBAE96A}.Release|Any CPU.Build.0 = Release|Any CPU
		{1A9B9F72-ABD3-40B3-8567-D7607DBAE96A}.Release|ARM.ActiveCfg = Release|Any CPU
		{1A9B9F72-ABD3-40B3-8567-D7607DBAE96A}.Release|ARM.Build.0 = Release|Any CPU
		{1A9B9F72-ABD3-40B3-8567-D7607DBAE96A}.Release|ARM64.ActiveCfg = Release|Any CPU
		{1A9B9F72-ABD3-40B3-8567-D7607DBAE96A}.Release|ARM64.Build.0 = Release|Any CPU
		{1A9B9F72-ABD3-40B3-8567-D7607DBAE96A}.Release|x64.ActiveCfg = Release|Any CPU
		{1A9B9F72-ABD3-40B3-8567-D7607DBAE96A}.Release|x64.Build.0 = Release|Any CPU
		{1A9B9F72-ABD3-40B3-8567-D7607DBAE96A}.Release|x86.ActiveCfg = Release|Any CPU
		{1A9B9F72-ABD3-40B3-8567-D7607DBAE96A}.Release|x86.Build.0 = Release|Any CPU
		{A06E974B-0388-487E-AB41-B6A91F7B08DF}.Debug|Any CPU.ActiveCfg = Debug|Any CPU
		{A06E974B-0388-487E-AB41-B6A91F7B08DF}.Debug|Any CPU.Build.0 = Debug|Any CPU
		{A06E974B-0388-487E-AB41-B6A91F7B08DF}.Debug|Any CPU.Deploy.0 = Debug|Any CPU
		{A06E974B-0388-487E-AB41-B6A91F7B08DF}.Debug|ARM.ActiveCfg = Debug|ARM
		{A06E974B-0388-487E-AB41-B6A91F7B08DF}.Debug|ARM.Build.0 = Debug|ARM
		{A06E974B-0388-487E-AB41-B6A91F7B08DF}.Debug|ARM.Deploy.0 = Debug|ARM
		{A06E974B-0388-487E-AB41-B6A91F7B08DF}.Debug|ARM64.ActiveCfg = Debug|ARM64
		{A06E974B-0388-487E-AB41-B6A91F7B08DF}.Debug|ARM64.Build.0 = Debug|ARM64
		{A06E974B-0388-487E-AB41-B6A91F7B08DF}.Debug|ARM64.Deploy.0 = Debug|ARM64
		{A06E974B-0388-487E-AB41-B6A91F7B08DF}.Debug|x64.ActiveCfg = Debug|x64
		{A06E974B-0388-487E-AB41-B6A91F7B08DF}.Debug|x64.Build.0 = Debug|x64
		{A06E974B-0388-487E-AB41-B6A91F7B08DF}.Debug|x64.Deploy.0 = Debug|x64
		{A06E974B-0388-487E-AB41-B6A91F7B08DF}.Debug|x86.ActiveCfg = Debug|x86
		{A06E974B-0388-487E-AB41-B6A91F7B08DF}.Debug|x86.Build.0 = Debug|x86
		{A06E974B-0388-487E-AB41-B6A91F7B08DF}.Debug|x86.Deploy.0 = Debug|x86
		{A06E974B-0388-487E-AB41-B6A91F7B08DF}.Release|Any CPU.ActiveCfg = Release|Any CPU
		{A06E974B-0388-487E-AB41-B6A91F7B08DF}.Release|Any CPU.Build.0 = Release|Any CPU
		{A06E974B-0388-487E-AB41-B6A91F7B08DF}.Release|Any CPU.Deploy.0 = Release|Any CPU
		{A06E974B-0388-487E-AB41-B6A91F7B08DF}.Release|ARM.ActiveCfg = Release|ARM
		{A06E974B-0388-487E-AB41-B6A91F7B08DF}.Release|ARM.Build.0 = Release|ARM
		{A06E974B-0388-487E-AB41-B6A91F7B08DF}.Release|ARM.Deploy.0 = Release|ARM
		{A06E974B-0388-487E-AB41-B6A91F7B08DF}.Release|ARM64.ActiveCfg = Release|ARM64
		{A06E974B-0388-487E-AB41-B6A91F7B08DF}.Release|ARM64.Build.0 = Release|ARM64
		{A06E974B-0388-487E-AB41-B6A91F7B08DF}.Release|ARM64.Deploy.0 = Release|ARM64
		{A06E974B-0388-487E-AB41-B6A91F7B08DF}.Release|x64.ActiveCfg = Release|x64
		{A06E974B-0388-487E-AB41-B6A91F7B08DF}.Release|x64.Build.0 = Release|x64
		{A06E974B-0388-487E-AB41-B6A91F7B08DF}.Release|x64.Deploy.0 = Release|x64
		{A06E974B-0388-487E-AB41-B6A91F7B08DF}.Release|x86.ActiveCfg = Release|x86
		{A06E974B-0388-487E-AB41-B6A91F7B08DF}.Release|x86.Build.0 = Release|x86
		{A06E974B-0388-487E-AB41-B6A91F7B08DF}.Release|x86.Deploy.0 = Release|x86
	EndGlobalSection
	GlobalSection(SolutionProperties) = preSolution
		HideSolutionNode = FALSE
	EndGlobalSection
	GlobalSection(ExtensibilityGlobals) = postSolution
		SolutionGuid = {05B4AAFB-6763-49C3-90A3-6CE4515E889A}
	EndGlobalSection
EndGlobal
